
Microsoft Visual Studio Solution File, Format Version 12.00
# Visual Studio 15
VisualStudioVersion = 15.0.27703.2018
MinimumVisualStudioVersion = 10.0.40219.1
Project("{FAE04EC0-301F-11D3-BF4B-00C04F79EFBC}") = "Flight System", "Flight System\Flight System.csproj", "{40441E09-0CFF-4ACA-A79C-E70DC8A1A421}"
EndProject
Global
	GlobalSection(SolutionConfigurationPlatforms) = preSolution
		Debug|Any CPU = Debug|Any CPU
		Release|Any CPU = Release|Any CPU
	EndGlobalSection
	GlobalSection(ProjectConfigurationPlatforms) = postSolution
		{40441E09-0CFF-4ACA-A79C-E70DC8A1A421}.Debug|Any CPU.ActiveCfg = Debug|Any CPU
		{40441E09-0CFF-4ACA-A79C-E70DC8A1A421}.Debug|Any CPU.Build.0 = Debug|Any CPU
		{40441E09-0CFF-4ACA-A79C-E70DC8A1A421}.Release|Any CPU.ActiveCfg = Release|Any CPU
		{40441E09-0CFF-4ACA-A79C-E70DC8A1A421}.Release|Any CPU.Build.0 = Release|Any CPU
	EndGlobalSection
	GlobalSection(SolutionProperties) = preSolution
		HideSolutionNode = FALSE
	EndGlobalSection
	GlobalSection(ExtensibilityGlobals) = postSolution
		SolutionGuid = {03CC0BA6-6EA3-4C34-8411-5ED8F3A22BE2}
	EndGlobalSection
EndGlobal
